PODS:
  - Didomi-XCFramework (2.11.1)
  - Google-Mobile-Ads-SDK (11.8.0):
    - GoogleUserMessagingPlatform (>= 1.1)
  - GoogleUserMessagingPlatform (2.5.0)

DEPENDENCIES:
  - Didomi-XCFramework (= 2.11.1)
  - Google-Mobile-Ads-SDK

SPEC REPOS:
  trunk:
    - Didomi-XCFramework
    - Google-Mobile-Ads-SDK
    - GoogleUserMessagingPlatform

SPEC CHECKSUMS:
  Didomi-XCFramework: 02c1454326e1968decb0c404db8a2666b10cad8f
  Google-Mobile-Ads-SDK: c1c53687b572122c5b0bdaf354335bbf40fd81ef
  GoogleUserMessagingPlatform: 6b4f48a370e77ce121d034c908cc6ee4fdafaf13

PODFILE CHECKSUM: fa07efca9a21ef90354bce9347cc4bc9928df9a8

COCOAPODS: 1.15.2
