PODS:
  - Didomi-XCFramework (2.48.1)
  - Google-Mobile-Ads-SDK (11.13.0):
    - GoogleUserMessagingPlatform (>= 1.1)
  - GoogleUserMessagingPlatform (3.1.0)

DEPENDENCIES:
  - Didomi-XCFramework (= 2.48.1)
  - Google-Mobile-Ads-SDK (= 11.13.0)

SPEC REPOS:
  trunk:
    - Didomi-XCFramework
    - Google-Mobile-Ads-SDK
    - GoogleUserMessagingPlatform

SPEC CHECKSUMS:
  Didomi-XCFramework: c4b5f97e30eab21e315eca464c426f887f197085
  Google-Mobile-Ads-SDK: 14f57f2dc33532a24db288897e26494640810407
  GoogleUserMessagingPlatform: befe603da6501006420c206222acd449bba45a9c

PODFILE CHECKSUM: 69e876786a7c88e4fbd7081bcaa960924e93a9e2

COCOAPODS: 1.17.0
